
Microsoft Visual Studio Solution File, Format Version 12.00
# Visual Studio Version 17
VisualStudioVersion = 17.2.32616.157
MinimumVisualStudioVersion = 10.0.40219.1
Project("{2150E333-8FDC-42A3-9474-1A3956D46DE8}") = "API", "API", "{B0C4147A-67C3-43B4-8B0C-CCFDE1CE8E7B}"
EndProject
Project("{2150E333-8FDC-42A3-9474-1A3956D46DE8}") = "Library", "Library", "{C4FB6599-24A6-4F6F-BABA-3C3E6D5D2209}"
EndProject
Project("{FAE04EC0-301F-11D3-BF4B-00C04F79EFBC}") = "WEIGHT_API", "WEIGHT_API\WEIGHT_API.csproj", "{998A5B51-CED7-4966-AE82-087FD08736A7}"
EndProject
Project("{FAE04EC0-301F-11D3-BF4B-00C04F79EFBC}") = "WEIGHT.EntityModels", "WEIGHT.EntityModels\WEIGHT.EntityModels.csproj", "{3D39D2DF-0402-4502-A82C-203DAED8FC62}"
EndProject
Global
	GlobalSection(SolutionConfigurationPlatforms) = preSolution
		Debug|Any CPU = Debug|Any CPU
		Release|Any CPU = Release|Any CPU
	EndGlobalSection
	GlobalSection(ProjectConfigurationPlatforms) = postSolution
		{998A5B51-CED7-4966-AE82-087FD08736A7}.Debug|Any CPU.ActiveCfg = Debug|Any CPU
		{998A5B51-CED7-4966-AE82-087FD08736A7}.Debug|Any CPU.Build.0 = Debug|Any CPU
		{998A5B51-CED7-4966-AE82-087FD08736A7}.Release|Any CPU.ActiveCfg = Release|Any CPU
		{998A5B51-CED7-4966-AE82-087FD08736A7}.Release|Any CPU.Build.0 = Release|Any CPU
		{3D39D2DF-0402-4502-A82C-203DAED8FC62}.Debug|Any CPU.ActiveCfg = Debug|Any CPU
		{3D39D2DF-0402-4502-A82C-203DAED8FC62}.Debug|Any CPU.Build.0 = Debug|Any CPU
		{3D39D2DF-0402-4502-A82C-203DAED8FC62}.Release|Any CPU.ActiveCfg = Release|Any CPU
		{3D39D2DF-0402-4502-A82C-203DAED8FC62}.Release|Any CPU.Build.0 = Release|Any CPU
	EndGlobalSection
	GlobalSection(SolutionProperties) = preSolution
		HideSolutionNode = FALSE
	EndGlobalSection
	GlobalSection(NestedProjects) = preSolution
		{998A5B51-CED7-4966-AE82-087FD08736A7} = {B0C4147A-67C3-43B4-8B0C-CCFDE1CE8E7B}
		{3D39D2DF-0402-4502-A82C-203DAED8FC62} = {C4FB6599-24A6-4F6F-BABA-3C3E6D5D2209}
	EndGlobalSection
	GlobalSection(ExtensibilityGlobals) = postSolution
		SolutionGuid = {A3CDD87C-5AAF-47C3-8079-E37912EF9156}
	EndGlobalSection
EndGlobal
