
Microsoft Visual Studio Solution File, Format Version 12.00
# Visual Studio Version 17
VisualStudioVersion = 17.3.32901.215
MinimumVisualStudioVersion = 10.0.40219.1
Project("{2150E333-8FDC-42A3-9474-1A3956D46DE8}") = "Solution Items", "Solution Items", "{73E9B6C1-987A-40AB-8E12-73E782938392}"
	ProjectSection(SolutionItems) = preProject
		README.md = README.md
	EndProjectSection
EndProject
Project("{2150E333-8FDC-42A3-9474-1A3956D46DE8}") = "src", "src", "{98DCFCB1-99FA-46D0-9B51-C22BBEA88CA3}"
EndProject
Project("{2150E333-8FDC-42A3-9474-1A3956D46DE8}") = "Services", "Services", "{B6018DB4-5C5C-4B8E-B6DF-7FFEB8DAF19F}"
EndProject
Project("{2150E333-8FDC-42A3-9474-1A3956D46DE8}") = "Features", "Features", "{C50718AF-7343-40C0-9427-CEB7A2BCE8E4}"
EndProject
Project("{2150E333-8FDC-42A3-9474-1A3956D46DE8}") = "Authentication", "Authentication", "{4115EBFB-0D8B-4C32-B658-5C711C5247A1}"
EndProject
Project("{2150E333-8FDC-42A3-9474-1A3956D46DE8}") = "StationManager", "StationManager", "{E15C55E8-8059-41C0-B6FC-5490D92CD586}"
EndProject
Project("{2150E333-8FDC-42A3-9474-1A3956D46DE8}") = "API", "API", "{0242F002-A9C5-4855-B415-07F46447305A}"
EndProject
Project("{2150E333-8FDC-42A3-9474-1A3956D46DE8}") = "Application", "Application", "{1F5A1DD8-5477-45D8-BAD9-FCDDF06E4E7B}"
EndProject
Project("{2150E333-8FDC-42A3-9474-1A3956D46DE8}") = "BuildingBlocks", "BuildingBlocks", "{5196D45B-6AA9-4CC4-AC21-336C167C3F55}"
EndProject
Project("{9A19103F-16F7-4668-BE54-9A1E7A4F7556}") = "Core", "src\BuildingBlocks\Core\Core.csproj", "{1B9C4458-7740-4B65-9109-B9E608614B0F}"
EndProject
Project("{9A19103F-16F7-4668-BE54-9A1E7A4F7556}") = "Infrastructure", "src\BuildingBlocks\Infrastructure\Infrastructure.csproj", "{B8E3E838-F238-4BDA-930F-26F9B5422A88}"
EndProject
Project("{9A19103F-16F7-4668-BE54-9A1E7A4F7556}") = "Common.Logging", "src\BuildingBlocks\Common.Logging\Common.Logging.csproj", "{788173AF-9E6F-4BA4-91A9-28A8A440E182}"
EndProject
Project("{9A19103F-16F7-4668-BE54-9A1E7A4F7556}") = "Shared", "src\BuildingBlocks\Shared\Shared.csproj", "{D97DBCFA-BDD9-498B-95A2-C2C2E173EC69}"
EndProject
Project("{9A19103F-16F7-4668-BE54-9A1E7A4F7556}") = "Authentication.API", "src\Services\Authentication\Authentication.API\Authentication.API.csproj", "{A6254D8D-186D-42A8-A956-EDFC297AD1AC}"
EndProject
Project("{9A19103F-16F7-4668-BE54-9A1E7A4F7556}") = "StationManager.API", "src\Services\StationManager\StationManager.API\StationManager.API.csproj", "{7A3CF389-D145-4151-8867-0784727FE464}"
EndProject
Project("{9A19103F-16F7-4668-BE54-9A1E7A4F7556}") = "StationManager.Application", "src\Services\StationManager\StationManager.Application\StationManager.Application.csproj", "{68912264-7772-43B1-A5AD-F325086C7AC6}"
EndProject
Global
	GlobalSection(SolutionConfigurationPlatforms) = preSolution
		Debug|Any CPU = Debug|Any CPU
		Release|Any CPU = Release|Any CPU
	EndGlobalSection
	GlobalSection(ProjectConfigurationPlatforms) = postSolution
		{1B9C4458-7740-4B65-9109-B9E608614B0F}.Debug|Any CPU.ActiveCfg = Debug|Any CPU
		{1B9C4458-7740-4B65-9109-B9E608614B0F}.Debug|Any CPU.Build.0 = Debug|Any CPU
		{1B9C4458-7740-4B65-9109-B9E608614B0F}.Release|Any CPU.ActiveCfg = Release|Any CPU
		{1B9C4458-7740-4B65-9109-B9E608614B0F}.Release|Any CPU.Build.0 = Release|Any CPU
		{B8E3E838-F238-4BDA-930F-26F9B5422A88}.Debug|Any CPU.ActiveCfg = Debug|Any CPU
		{B8E3E838-F238-4BDA-930F-26F9B5422A88}.Debug|Any CPU.Build.0 = Debug|Any CPU
		{B8E3E838-F238-4BDA-930F-26F9B5422A88}.Release|Any CPU.ActiveCfg = Release|Any CPU
		{B8E3E838-F238-4BDA-930F-26F9B5422A88}.Release|Any CPU.Build.0 = Release|Any CPU
		{788173AF-9E6F-4BA4-91A9-28A8A440E182}.Debug|Any CPU.ActiveCfg = Debug|Any CPU
		{788173AF-9E6F-4BA4-91A9-28A8A440E182}.Debug|Any CPU.Build.0 = Debug|Any CPU
		{788173AF-9E6F-4BA4-91A9-28A8A440E182}.Release|Any CPU.ActiveCfg = Release|Any CPU
		{788173AF-9E6F-4BA4-91A9-28A8A440E182}.Release|Any CPU.Build.0 = Release|Any CPU
		{D97DBCFA-BDD9-498B-95A2-C2C2E173EC69}.Debug|Any CPU.ActiveCfg = Debug|Any CPU
		{D97DBCFA-BDD9-498B-95A2-C2C2E173EC69}.Debug|Any CPU.Build.0 = Debug|Any CPU
		{D97DBCFA-BDD9-498B-95A2-C2C2E173EC69}.Release|Any CPU.ActiveCfg = Release|Any CPU
		{D97DBCFA-BDD9-498B-95A2-C2C2E173EC69}.Release|Any CPU.Build.0 = Release|Any CPU
		{A6254D8D-186D-42A8-A956-EDFC297AD1AC}.Debug|Any CPU.ActiveCfg = Debug|Any CPU
		{A6254D8D-186D-42A8-A956-EDFC297AD1AC}.Debug|Any CPU.Build.0 = Debug|Any CPU
		{A6254D8D-186D-42A8-A956-EDFC297AD1AC}.Release|Any CPU.ActiveCfg = Release|Any CPU
		{A6254D8D-186D-42A8-A956-EDFC297AD1AC}.Release|Any CPU.Build.0 = Release|Any CPU
		{7A3CF389-D145-4151-8867-0784727FE464}.Debug|Any CPU.ActiveCfg = Debug|Any CPU
		{7A3CF389-D145-4151-8867-0784727FE464}.Debug|Any CPU.Build.0 = Debug|Any CPU
		{7A3CF389-D145-4151-8867-0784727FE464}.Release|Any CPU.ActiveCfg = Release|Any CPU
		{7A3CF389-D145-4151-8867-0784727FE464}.Release|Any CPU.Build.0 = Release|Any CPU
		{68912264-7772-43B1-A5AD-F325086C7AC6}.Debug|Any CPU.ActiveCfg = Debug|Any CPU
		{68912264-7772-43B1-A5AD-F325086C7AC6}.Debug|Any CPU.Build.0 = Debug|Any CPU
		{68912264-7772-43B1-A5AD-F325086C7AC6}.Release|Any CPU.ActiveCfg = Release|Any CPU
		{68912264-7772-43B1-A5AD-F325086C7AC6}.Release|Any CPU.Build.0 = Release|Any CPU
	EndGlobalSection
	GlobalSection(SolutionProperties) = preSolution
		HideSolutionNode = FALSE
	EndGlobalSection
	GlobalSection(NestedProjects) = preSolution
		{B6018DB4-5C5C-4B8E-B6DF-7FFEB8DAF19F} = {98DCFCB1-99FA-46D0-9B51-C22BBEA88CA3}
		{C50718AF-7343-40C0-9427-CEB7A2BCE8E4} = {98DCFCB1-99FA-46D0-9B51-C22BBEA88CA3}
		{4115EBFB-0D8B-4C32-B658-5C711C5247A1} = {B6018DB4-5C5C-4B8E-B6DF-7FFEB8DAF19F}
		{E15C55E8-8059-41C0-B6FC-5490D92CD586} = {B6018DB4-5C5C-4B8E-B6DF-7FFEB8DAF19F}
		{0242F002-A9C5-4855-B415-07F46447305A} = {E15C55E8-8059-41C0-B6FC-5490D92CD586}
		{1F5A1DD8-5477-45D8-BAD9-FCDDF06E4E7B} = {E15C55E8-8059-41C0-B6FC-5490D92CD586}
		{5196D45B-6AA9-4CC4-AC21-336C167C3F55} = {98DCFCB1-99FA-46D0-9B51-C22BBEA88CA3}
		{1B9C4458-7740-4B65-9109-B9E608614B0F} = {5196D45B-6AA9-4CC4-AC21-336C167C3F55}
		{B8E3E838-F238-4BDA-930F-26F9B5422A88} = {5196D45B-6AA9-4CC4-AC21-336C167C3F55}
		{788173AF-9E6F-4BA4-91A9-28A8A440E182} = {5196D45B-6AA9-4CC4-AC21-336C167C3F55}
		{D97DBCFA-BDD9-498B-95A2-C2C2E173EC69} = {5196D45B-6AA9-4CC4-AC21-336C167C3F55}
		{A6254D8D-186D-42A8-A956-EDFC297AD1AC} = {4115EBFB-0D8B-4C32-B658-5C711C5247A1}
		{7A3CF389-D145-4151-8867-0784727FE464} = {0242F002-A9C5-4855-B415-07F46447305A}
		{68912264-7772-43B1-A5AD-F325086C7AC6} = {1F5A1DD8-5477-45D8-BAD9-FCDDF06E4E7B}
	EndGlobalSection
	GlobalSection(ExtensibilityGlobals) = postSolution
		SolutionGuid = {DD436992-6C52-4C3B-8DDA-98E985E5CB15}
	EndGlobalSection
EndGlobal
