
Microsoft Visual Studio Solution File, Format Version 12.00
# Visual Studio Version 17
VisualStudioVersion = 17.3.32901.215
MinimumVisualStudioVersion = 10.0.40219.1
Project("{2150E333-8FDC-42A3-9474-1A3956D46DE8}") = "Solution Items", "Solution Items", "{73E9B6C1-987A-40AB-8E12-73E782938392}"
	ProjectSection(SolutionItems) = preProject
		README.md = README.md
	EndProjectSection
EndProject
Project("{2150E333-8FDC-42A3-9474-1A3956D46DE8}") = "src", "src", "{98DCFCB1-99FA-46D0-9B51-C22BBEA88CA3}"
EndProject
Project("{2150E333-8FDC-42A3-9474-1A3956D46DE8}") = "Services", "Services", "{B6018DB4-5C5C-4B8E-B6DF-7FFEB8DAF19F}"
EndProject
Project("{2150E333-8FDC-42A3-9474-1A3956D46DE8}") = "Features", "Features", "{C50718AF-7343-40C0-9427-CEB7A2BCE8E4}"
EndProject
Project("{2150E333-8FDC-42A3-9474-1A3956D46DE8}") = "Authentication", "Authentication", "{4115EBFB-0D8B-4C32-B658-5C711C5247A1}"
EndProject
Project("{2150E333-8FDC-42A3-9474-1A3956D46DE8}") = "MES", "MES", "{E15C55E8-8059-41C0-B6FC-5490D92CD586}"
EndProject
Project("{2150E333-8FDC-42A3-9474-1A3956D46DE8}") = "API", "API", "{0242F002-A9C5-4855-B415-07F46447305A}"
EndProject
Project("{2150E333-8FDC-42A3-9474-1A3956D46DE8}") = "Application", "Application", "{1F5A1DD8-5477-45D8-BAD9-FCDDF06E4E7B}"
EndProject
Project("{9A19103F-16F7-4668-BE54-9A1E7A4F7556}") = "MES.API", "src\Services\MES\MES.API\MES.API.csproj", "{47FB8BE2-77D6-4DCC-9F82-2C65A2CF8F63}"
EndProject
Project("{9A19103F-16F7-4668-BE54-9A1E7A4F7556}") = "MES.Application", "src\Services\MES\MES.Application\MES.Application.csproj", "{22A32FAF-E3F2-4713-97E4-9099061BB182}"
EndProject
Project("{2150E333-8FDC-42A3-9474-1A3956D46DE8}") = "IntegrationNS", "IntegrationNS", "{0A6F35E9-FD6A-4253-8244-B2C897CB00BE}"
EndProject
Project("{9A19103F-16F7-4668-BE54-9A1E7A4F7556}") = "IntegrationNS.API", "src\Services\IntegrationNS\IntegrationNS.API\IntegrationNS.API.csproj", "{DAB5C2EE-3E28-4F68-BC19-2A426811B9A1}"
EndProject
Project("{9A19103F-16F7-4668-BE54-9A1E7A4F7556}") = "IntegrationNS.Application", "src\Services\IntegrationNS\IntegrationNS.Application\IntegrationNS.Application.csproj", "{8A281013-75BE-4EAD-A2B2-4ECB558A2C72}"
EndProject
Project("{2150E333-8FDC-42A3-9474-1A3956D46DE8}") = "BuildingBlocks", "BuildingBlocks", "{5196D45B-6AA9-4CC4-AC21-336C167C3F55}"
EndProject
Project("{9A19103F-16F7-4668-BE54-9A1E7A4F7556}") = "Core", "src\BuildingBlocks\Core\Core.csproj", "{1B9C4458-7740-4B65-9109-B9E608614B0F}"
EndProject
Project("{9A19103F-16F7-4668-BE54-9A1E7A4F7556}") = "Infrastructure", "src\BuildingBlocks\Infrastructure\Infrastructure.csproj", "{B8E3E838-F238-4BDA-930F-26F9B5422A88}"
EndProject
Project("{9A19103F-16F7-4668-BE54-9A1E7A4F7556}") = "Common.Logging", "src\BuildingBlocks\Common.Logging\Common.Logging.csproj", "{788173AF-9E6F-4BA4-91A9-28A8A440E182}"
EndProject
Project("{2150E333-8FDC-42A3-9474-1A3956D46DE8}") = "WeighSession", "WeighSession", "{51F08526-BEE1-4BF4-B1F1-A890CE186071}"
EndProject
Project("{9A19103F-16F7-4668-BE54-9A1E7A4F7556}") = "WeighSession.Infrastructure", "src\Services\WeighSession\WeighSession.Infrastructure\WeighSession.Infrastructure.csproj", "{4988933C-1D4B-4D8B-9FDC-0888324D3D28}"
EndProject
Project("{9A19103F-16F7-4668-BE54-9A1E7A4F7556}") = "WeighSession.API", "src\Services\WeighSession\WeighSession.API\WeighSession.API.csproj", "{B0C302C7-EE84-4D2C-8A72-B28008A7D333}"
EndProject
Project("{9A19103F-16F7-4668-BE54-9A1E7A4F7556}") = "Shared", "src\BuildingBlocks\Shared\Shared.csproj", "{D97DBCFA-BDD9-498B-95A2-C2C2E173EC69}"
EndProject
Project("{FAE04EC0-301F-11D3-BF4B-00C04F79EFBC}") = "Authentication.API", "src\Services\Authentication\Authentication.API\Authentication.API.csproj", "{A6254D8D-186D-42A8-A956-EDFC297AD1AC}"
EndProject
Global
	GlobalSection(SolutionConfigurationPlatforms) = preSolution
		Debug|Any CPU = Debug|Any CPU
		Release|Any CPU = Release|Any CPU
	EndGlobalSection
	GlobalSection(ProjectConfigurationPlatforms) = postSolution
		{47FB8BE2-77D6-4DCC-9F82-2C65A2CF8F63}.Debug|Any CPU.ActiveCfg = Debug|Any CPU
		{47FB8BE2-77D6-4DCC-9F82-2C65A2CF8F63}.Debug|Any CPU.Build.0 = Debug|Any CPU
		{47FB8BE2-77D6-4DCC-9F82-2C65A2CF8F63}.Release|Any CPU.ActiveCfg = Release|Any CPU
		{47FB8BE2-77D6-4DCC-9F82-2C65A2CF8F63}.Release|Any CPU.Build.0 = Release|Any CPU
		{22A32FAF-E3F2-4713-97E4-9099061BB182}.Debug|Any CPU.ActiveCfg = Debug|Any CPU
		{22A32FAF-E3F2-4713-97E4-9099061BB182}.Debug|Any CPU.Build.0 = Debug|Any CPU
		{22A32FAF-E3F2-4713-97E4-9099061BB182}.Release|Any CPU.ActiveCfg = Release|Any CPU
		{22A32FAF-E3F2-4713-97E4-9099061BB182}.Release|Any CPU.Build.0 = Release|Any CPU
		{DAB5C2EE-3E28-4F68-BC19-2A426811B9A1}.Debug|Any CPU.ActiveCfg = Debug|Any CPU
		{DAB5C2EE-3E28-4F68-BC19-2A426811B9A1}.Debug|Any CPU.Build.0 = Debug|Any CPU
		{DAB5C2EE-3E28-4F68-BC19-2A426811B9A1}.Release|Any CPU.ActiveCfg = Release|Any CPU
		{DAB5C2EE-3E28-4F68-BC19-2A426811B9A1}.Release|Any CPU.Build.0 = Release|Any CPU
		{8A281013-75BE-4EAD-A2B2-4ECB558A2C72}.Debug|Any CPU.ActiveCfg = Debug|Any CPU
		{8A281013-75BE-4EAD-A2B2-4ECB558A2C72}.Debug|Any CPU.Build.0 = Debug|Any CPU
		{8A281013-75BE-4EAD-A2B2-4ECB558A2C72}.Release|Any CPU.ActiveCfg = Release|Any CPU
		{8A281013-75BE-4EAD-A2B2-4ECB558A2C72}.Release|Any CPU.Build.0 = Release|Any CPU
		{1B9C4458-7740-4B65-9109-B9E608614B0F}.Debug|Any CPU.ActiveCfg = Debug|Any CPU
		{1B9C4458-7740-4B65-9109-B9E608614B0F}.Debug|Any CPU.Build.0 = Debug|Any CPU
		{1B9C4458-7740-4B65-9109-B9E608614B0F}.Release|Any CPU.ActiveCfg = Release|Any CPU
		{1B9C4458-7740-4B65-9109-B9E608614B0F}.Release|Any CPU.Build.0 = Release|Any CPU
		{B8E3E838-F238-4BDA-930F-26F9B5422A88}.Debug|Any CPU.ActiveCfg = Debug|Any CPU
		{B8E3E838-F238-4BDA-930F-26F9B5422A88}.Debug|Any CPU.Build.0 = Debug|Any CPU
		{B8E3E838-F238-4BDA-930F-26F9B5422A88}.Release|Any CPU.ActiveCfg = Release|Any CPU
		{B8E3E838-F238-4BDA-930F-26F9B5422A88}.Release|Any CPU.Build.0 = Release|Any CPU
		{788173AF-9E6F-4BA4-91A9-28A8A440E182}.Debug|Any CPU.ActiveCfg = Debug|Any CPU
		{788173AF-9E6F-4BA4-91A9-28A8A440E182}.Debug|Any CPU.Build.0 = Debug|Any CPU
		{788173AF-9E6F-4BA4-91A9-28A8A440E182}.Release|Any CPU.ActiveCfg = Release|Any CPU
		{788173AF-9E6F-4BA4-91A9-28A8A440E182}.Release|Any CPU.Build.0 = Release|Any CPU
		{4988933C-1D4B-4D8B-9FDC-0888324D3D28}.Debug|Any CPU.ActiveCfg = Debug|Any CPU
		{4988933C-1D4B-4D8B-9FDC-0888324D3D28}.Debug|Any CPU.Build.0 = Debug|Any CPU
		{4988933C-1D4B-4D8B-9FDC-0888324D3D28}.Release|Any CPU.ActiveCfg = Release|Any CPU
		{4988933C-1D4B-4D8B-9FDC-0888324D3D28}.Release|Any CPU.Build.0 = Release|Any CPU
		{B0C302C7-EE84-4D2C-8A72-B28008A7D333}.Debug|Any CPU.ActiveCfg = Debug|Any CPU
		{B0C302C7-EE84-4D2C-8A72-B28008A7D333}.Debug|Any CPU.Build.0 = Debug|Any CPU
		{B0C302C7-EE84-4D2C-8A72-B28008A7D333}.Release|Any CPU.ActiveCfg = Release|Any CPU
		{B0C302C7-EE84-4D2C-8A72-B28008A7D333}.Release|Any CPU.Build.0 = Release|Any CPU
		{D97DBCFA-BDD9-498B-95A2-C2C2E173EC69}.Debug|Any CPU.ActiveCfg = Debug|Any CPU
		{D97DBCFA-BDD9-498B-95A2-C2C2E173EC69}.Debug|Any CPU.Build.0 = Debug|Any CPU
		{D97DBCFA-BDD9-498B-95A2-C2C2E173EC69}.Release|Any CPU.ActiveCfg = Release|Any CPU
		{D97DBCFA-BDD9-498B-95A2-C2C2E173EC69}.Release|Any CPU.Build.0 = Release|Any CPU
		{A6254D8D-186D-42A8-A956-EDFC297AD1AC}.Debug|Any CPU.ActiveCfg = Debug|Any CPU
		{A6254D8D-186D-42A8-A956-EDFC297AD1AC}.Debug|Any CPU.Build.0 = Debug|Any CPU
		{A6254D8D-186D-42A8-A956-EDFC297AD1AC}.Release|Any CPU.ActiveCfg = Release|Any CPU
		{A6254D8D-186D-42A8-A956-EDFC297AD1AC}.Release|Any CPU.Build.0 = Release|Any CPU
	EndGlobalSection
	GlobalSection(SolutionProperties) = preSolution
		HideSolutionNode = FALSE
	EndGlobalSection
	GlobalSection(NestedProjects) = preSolution
		{B6018DB4-5C5C-4B8E-B6DF-7FFEB8DAF19F} = {98DCFCB1-99FA-46D0-9B51-C22BBEA88CA3}
		{C50718AF-7343-40C0-9427-CEB7A2BCE8E4} = {98DCFCB1-99FA-46D0-9B51-C22BBEA88CA3}
		{4115EBFB-0D8B-4C32-B658-5C711C5247A1} = {B6018DB4-5C5C-4B8E-B6DF-7FFEB8DAF19F}
		{E15C55E8-8059-41C0-B6FC-5490D92CD586} = {B6018DB4-5C5C-4B8E-B6DF-7FFEB8DAF19F}
		{0242F002-A9C5-4855-B415-07F46447305A} = {E15C55E8-8059-41C0-B6FC-5490D92CD586}
		{1F5A1DD8-5477-45D8-BAD9-FCDDF06E4E7B} = {E15C55E8-8059-41C0-B6FC-5490D92CD586}
		{47FB8BE2-77D6-4DCC-9F82-2C65A2CF8F63} = {0242F002-A9C5-4855-B415-07F46447305A}
		{22A32FAF-E3F2-4713-97E4-9099061BB182} = {1F5A1DD8-5477-45D8-BAD9-FCDDF06E4E7B}
		{0A6F35E9-FD6A-4253-8244-B2C897CB00BE} = {B6018DB4-5C5C-4B8E-B6DF-7FFEB8DAF19F}
		{DAB5C2EE-3E28-4F68-BC19-2A426811B9A1} = {0A6F35E9-FD6A-4253-8244-B2C897CB00BE}
		{8A281013-75BE-4EAD-A2B2-4ECB558A2C72} = {0A6F35E9-FD6A-4253-8244-B2C897CB00BE}
		{5196D45B-6AA9-4CC4-AC21-336C167C3F55} = {98DCFCB1-99FA-46D0-9B51-C22BBEA88CA3}
		{1B9C4458-7740-4B65-9109-B9E608614B0F} = {5196D45B-6AA9-4CC4-AC21-336C167C3F55}
		{B8E3E838-F238-4BDA-930F-26F9B5422A88} = {5196D45B-6AA9-4CC4-AC21-336C167C3F55}
		{788173AF-9E6F-4BA4-91A9-28A8A440E182} = {5196D45B-6AA9-4CC4-AC21-336C167C3F55}
		{51F08526-BEE1-4BF4-B1F1-A890CE186071} = {B6018DB4-5C5C-4B8E-B6DF-7FFEB8DAF19F}
		{4988933C-1D4B-4D8B-9FDC-0888324D3D28} = {51F08526-BEE1-4BF4-B1F1-A890CE186071}
		{B0C302C7-EE84-4D2C-8A72-B28008A7D333} = {51F08526-BEE1-4BF4-B1F1-A890CE186071}
		{D97DBCFA-BDD9-498B-95A2-C2C2E173EC69} = {5196D45B-6AA9-4CC4-AC21-336C167C3F55}
		{A6254D8D-186D-42A8-A956-EDFC297AD1AC} = {4115EBFB-0D8B-4C32-B658-5C711C5247A1}
	EndGlobalSection
	GlobalSection(ExtensibilityGlobals) = postSolution
		SolutionGuid = {DD436992-6C52-4C3B-8DDA-98E985E5CB15}
	EndGlobalSection
EndGlobal
