
Microsoft Visual Studio Solution File, Format Version 12.00
# Visual Studio Version 17
VisualStudioVersion = 17.3.32901.215
MinimumVisualStudioVersion = 10.0.40219.1
Project("{2150E333-8FDC-42A3-9474-1A3956D46DE8}") = "Library", "Library", "{6E26B9FD-AEF1-4E62-8063-060BFC203A55}"
EndProject
Project("{2150E333-8FDC-42A3-9474-1A3956D46DE8}") = "API", "API", "{976AE32A-B3E1-489D-898D-7FA9BAA13135}"
EndProject
Project("{9A19103F-16F7-4668-BE54-9A1E7A4F7556}") = "ISD.API.Constant", "ISD.API.Constant\ISD.API.Constant.csproj", "{09B1A1D1-3343-43C9-88F8-C05BB5791D78}"
EndProject
Project("{9A19103F-16F7-4668-BE54-9A1E7A4F7556}") = "ISD.API.Core", "ISD.API.Core\ISD.API.Core.csproj", "{FD4B0720-7576-4925-B39C-EDCA733D1992}"
EndProject
Project("{9A19103F-16F7-4668-BE54-9A1E7A4F7556}") = "ISD.API.EntityModels", "ISD.API.EntityModels\ISD.API.EntityModels.csproj", "{01B3B7AA-CFCB-456F-9B65-1DD11533B71A}"
EndProject
Project("{9A19103F-16F7-4668-BE54-9A1E7A4F7556}") = "ISD.API.Repositories", "ISD.API.Repositories\ISD.API.Repositories.csproj", "{1644BA7E-E7E7-4D7F-987A-7D7BC996C6B3}"
EndProject
Project("{9A19103F-16F7-4668-BE54-9A1E7A4F7556}") = "ISD.API.ViewModels", "ISD.API.ViewModels\ISD.API.ViewModels.csproj", "{5886E7C3-CC30-40B0-8938-31CB4303C178}"
EndProject
Project("{9A19103F-16F7-4668-BE54-9A1E7A4F7556}") = "ISD.API.Resources", "ISD.API.Resources\ISD.API.Resources.csproj", "{3D139B01-653B-46B3-99D8-A6BFA912E158}"
EndProject
Project("{9A19103F-16F7-4668-BE54-9A1E7A4F7556}") = "ISD.API.Extensions", "ISD.API.Extension\ISD.API.Extensions.csproj", "{AB01638E-76BB-4D60-94C3-ECAF646EFABF}"
EndProject
Project("{9A19103F-16F7-4668-BE54-9A1E7A4F7556}") = "TLG_API", "iMES_API\TLG_API.csproj", "{22F21C92-CD4A-457B-B435-AE9F48256CED}"
EndProject
Project("{9A19103F-16F7-4668-BE54-9A1E7A4F7556}") = "ISD.API.Applications", "ISD.API.Applications\ISD.API.Applications.csproj", "{53FD205C-D104-4C00-8ACA-B44092CF95AB}"
EndProject
Global
	GlobalSection(SolutionConfigurationPlatforms) = preSolution
		Debug|Any CPU = Debug|Any CPU
		Release|Any CPU = Release|Any CPU
	EndGlobalSection
	GlobalSection(ProjectConfigurationPlatforms) = postSolution
		{09B1A1D1-3343-43C9-88F8-C05BB5791D78}.Debug|Any CPU.ActiveCfg = Debug|Any CPU
		{09B1A1D1-3343-43C9-88F8-C05BB5791D78}.Debug|Any CPU.Build.0 = Debug|Any CPU
		{09B1A1D1-3343-43C9-88F8-C05BB5791D78}.Release|Any CPU.ActiveCfg = Release|Any CPU
		{09B1A1D1-3343-43C9-88F8-C05BB5791D78}.Release|Any CPU.Build.0 = Release|Any CPU
		{FD4B0720-7576-4925-B39C-EDCA733D1992}.Debug|Any CPU.ActiveCfg = Debug|Any CPU
		{FD4B0720-7576-4925-B39C-EDCA733D1992}.Debug|Any CPU.Build.0 = Debug|Any CPU
		{FD4B0720-7576-4925-B39C-EDCA733D1992}.Release|Any CPU.ActiveCfg = Release|Any CPU
		{FD4B0720-7576-4925-B39C-EDCA733D1992}.Release|Any CPU.Build.0 = Release|Any CPU
		{01B3B7AA-CFCB-456F-9B65-1DD11533B71A}.Debug|Any CPU.ActiveCfg = Debug|Any CPU
		{01B3B7AA-CFCB-456F-9B65-1DD11533B71A}.Debug|Any CPU.Build.0 = Debug|Any CPU
		{01B3B7AA-CFCB-456F-9B65-1DD11533B71A}.Release|Any CPU.ActiveCfg = Release|Any CPU
		{01B3B7AA-CFCB-456F-9B65-1DD11533B71A}.Release|Any CPU.Build.0 = Release|Any CPU
		{1644BA7E-E7E7-4D7F-987A-7D7BC996C6B3}.Debug|Any CPU.ActiveCfg = Debug|Any CPU
		{1644BA7E-E7E7-4D7F-987A-7D7BC996C6B3}.Debug|Any CPU.Build.0 = Debug|Any CPU
		{1644BA7E-E7E7-4D7F-987A-7D7BC996C6B3}.Release|Any CPU.ActiveCfg = Release|Any CPU
		{1644BA7E-E7E7-4D7F-987A-7D7BC996C6B3}.Release|Any CPU.Build.0 = Release|Any CPU
		{5886E7C3-CC30-40B0-8938-31CB4303C178}.Debug|Any CPU.ActiveCfg = Debug|Any CPU
		{5886E7C3-CC30-40B0-8938-31CB4303C178}.Debug|Any CPU.Build.0 = Debug|Any CPU
		{5886E7C3-CC30-40B0-8938-31CB4303C178}.Release|Any CPU.ActiveCfg = Release|Any CPU
		{5886E7C3-CC30-40B0-8938-31CB4303C178}.Release|Any CPU.Build.0 = Release|Any CPU
		{3D139B01-653B-46B3-99D8-A6BFA912E158}.Debug|Any CPU.ActiveCfg = Debug|Any CPU
		{3D139B01-653B-46B3-99D8-A6BFA912E158}.Debug|Any CPU.Build.0 = Debug|Any CPU
		{3D139B01-653B-46B3-99D8-A6BFA912E158}.Release|Any CPU.ActiveCfg = Release|Any CPU
		{3D139B01-653B-46B3-99D8-A6BFA912E158}.Release|Any CPU.Build.0 = Release|Any CPU
		{AB01638E-76BB-4D60-94C3-ECAF646EFABF}.Debug|Any CPU.ActiveCfg = Debug|Any CPU
		{AB01638E-76BB-4D60-94C3-ECAF646EFABF}.Debug|Any CPU.Build.0 = Debug|Any CPU
		{AB01638E-76BB-4D60-94C3-ECAF646EFABF}.Release|Any CPU.ActiveCfg = Release|Any CPU
		{AB01638E-76BB-4D60-94C3-ECAF646EFABF}.Release|Any CPU.Build.0 = Release|Any CPU
		{22F21C92-CD4A-457B-B435-AE9F48256CED}.Debug|Any CPU.ActiveCfg = Debug|Any CPU
		{22F21C92-CD4A-457B-B435-AE9F48256CED}.Debug|Any CPU.Build.0 = Debug|Any CPU
		{22F21C92-CD4A-457B-B435-AE9F48256CED}.Release|Any CPU.ActiveCfg = Release|Any CPU
		{22F21C92-CD4A-457B-B435-AE9F48256CED}.Release|Any CPU.Build.0 = Release|Any CPU
		{53FD205C-D104-4C00-8ACA-B44092CF95AB}.Debug|Any CPU.ActiveCfg = Debug|Any CPU
		{53FD205C-D104-4C00-8ACA-B44092CF95AB}.Debug|Any CPU.Build.0 = Debug|Any CPU
		{53FD205C-D104-4C00-8ACA-B44092CF95AB}.Release|Any CPU.ActiveCfg = Release|Any CPU
		{53FD205C-D104-4C00-8ACA-B44092CF95AB}.Release|Any CPU.Build.0 = Release|Any CPU
	EndGlobalSection
	GlobalSection(SolutionProperties) = preSolution
		HideSolutionNode = FALSE
	EndGlobalSection
	GlobalSection(NestedProjects) = preSolution
		{09B1A1D1-3343-43C9-88F8-C05BB5791D78} = {6E26B9FD-AEF1-4E62-8063-060BFC203A55}
		{FD4B0720-7576-4925-B39C-EDCA733D1992} = {6E26B9FD-AEF1-4E62-8063-060BFC203A55}
		{01B3B7AA-CFCB-456F-9B65-1DD11533B71A} = {6E26B9FD-AEF1-4E62-8063-060BFC203A55}
		{1644BA7E-E7E7-4D7F-987A-7D7BC996C6B3} = {6E26B9FD-AEF1-4E62-8063-060BFC203A55}
		{5886E7C3-CC30-40B0-8938-31CB4303C178} = {6E26B9FD-AEF1-4E62-8063-060BFC203A55}
		{3D139B01-653B-46B3-99D8-A6BFA912E158} = {6E26B9FD-AEF1-4E62-8063-060BFC203A55}
		{AB01638E-76BB-4D60-94C3-ECAF646EFABF} = {6E26B9FD-AEF1-4E62-8063-060BFC203A55}
		{22F21C92-CD4A-457B-B435-AE9F48256CED} = {976AE32A-B3E1-489D-898D-7FA9BAA13135}
		{53FD205C-D104-4C00-8ACA-B44092CF95AB} = {6E26B9FD-AEF1-4E62-8063-060BFC203A55}
	EndGlobalSection
	GlobalSection(ExtensibilityGlobals) = postSolution
		SolutionGuid = {DD436992-6C52-4C3B-8DDA-98E985E5CB15}
	EndGlobalSection
EndGlobal
