
Microsoft Visual Studio Solution File, Format Version 12.00
# Visual Studio Version 17
VisualStudioVersion = 17.3.32901.215
MinimumVisualStudioVersion = 10.0.40219.1
Project("{2150E333-8FDC-42A3-9474-1A3956D46DE8}") = "Library", "Library", "{6E26B9FD-AEF1-4E62-8063-060BFC203A55}"
EndProject
Project("{2150E333-8FDC-42A3-9474-1A3956D46DE8}") = "API", "API", "{976AE32A-B3E1-489D-898D-7FA9BAA13135}"
EndProject
Project("{9A19103F-16F7-4668-BE54-9A1E7A4F7556}") = "ISD.API.Constant", "ISD.API.Constant\ISD.API.Constant.csproj", "{09B1A1D1-3343-43C9-88F8-C05BB5791D78}"
EndProject
Project("{9A19103F-16F7-4668-BE54-9A1E7A4F7556}") = "ISD.API.Core", "ISD.API.Core\ISD.API.Core.csproj", "{FD4B0720-7576-4925-B39C-EDCA733D1992}"
EndProject
Project("{9A19103F-16F7-4668-BE54-9A1E7A4F7556}") = "ISD.API.EntityModels", "ISD.API.EntityModels\ISD.API.EntityModels.csproj", "{01B3B7AA-CFCB-456F-9B65-1DD11533B71A}"
EndProject
Project("{9A19103F-16F7-4668-BE54-9A1E7A4F7556}") = "ISD.API.Repositories", "ISD.API.Repositories\ISD.API.Repositories.csproj", "{1644BA7E-E7E7-4D7F-987A-7D7BC996C6B3}"
EndProject
Project("{9A19103F-16F7-4668-BE54-9A1E7A4F7556}") = "ISD.API.ViewModels", "ISD.API.ViewModels\ISD.API.ViewModels.csproj", "{5886E7C3-CC30-40B0-8938-31CB4303C178}"
EndProject
Project("{9A19103F-16F7-4668-BE54-9A1E7A4F7556}") = "ISD.API.Resources", "ISD.API.Resources\ISD.API.Resources.csproj", "{3D139B01-653B-46B3-99D8-A6BFA912E158}"
EndProject
Project("{9A19103F-16F7-4668-BE54-9A1E7A4F7556}") = "ISD.API.Extensions", "ISD.API.Extension\ISD.API.Extensions.csproj", "{AB01638E-76BB-4D60-94C3-ECAF646EFABF}"
EndProject
Project("{9A19103F-16F7-4668-BE54-9A1E7A4F7556}") = "TLG_API", "iMES_API\TLG_API.csproj", "{22F21C92-CD4A-457B-B435-AE9F48256CED}"
EndProject
Project("{9A19103F-16F7-4668-BE54-9A1E7A4F7556}") = "ISD.API.Applications", "ISD.API.Applications\ISD.API.Applications.csproj", "{53FD205C-D104-4C00-8ACA-B44092CF95AB}"
EndProject
Project("{2150E333-8FDC-42A3-9474-1A3956D46DE8}") = "Solution Items", "Solution Items", "{73E9B6C1-987A-40AB-8E12-73E782938392}"
	ProjectSection(SolutionItems) = preProject
		README.md = README.md
	EndProjectSection
EndProject
Project("{2150E333-8FDC-42A3-9474-1A3956D46DE8}") = "src", "src", "{98DCFCB1-99FA-46D0-9B51-C22BBEA88CA3}"
EndProject
Project("{2150E333-8FDC-42A3-9474-1A3956D46DE8}") = "Common", "Common", "{57C07110-7740-4500-A443-B4775E822F7C}"
EndProject
Project("{2150E333-8FDC-42A3-9474-1A3956D46DE8}") = "Services", "Services", "{B6018DB4-5C5C-4B8E-B6DF-7FFEB8DAF19F}"
EndProject
Project("{2150E333-8FDC-42A3-9474-1A3956D46DE8}") = "Features", "Features", "{C50718AF-7343-40C0-9427-CEB7A2BCE8E4}"
EndProject
Project("{FAE04EC0-301F-11D3-BF4B-00C04F79EFBC}") = "ISD.Core", "src\Common\ISD.Core\ISD.Core\ISD.Core.csproj", "{8A08002B-DD93-484F-B14D-9C8E7104B7DD}"
EndProject
Project("{FAE04EC0-301F-11D3-BF4B-00C04F79EFBC}") = "ISD.Infrastructure", "src\Common\ISD.Infrastructure\ISD.Infrastructure\ISD.Infrastructure.csproj", "{2A5B3872-DB3D-4415-A9B7-D353BC205064}"
EndProject
Project("{2150E333-8FDC-42A3-9474-1A3956D46DE8}") = "Authentication", "Authentication", "{4115EBFB-0D8B-4C32-B658-5C711C5247A1}"
EndProject
Project("{2150E333-8FDC-42A3-9474-1A3956D46DE8}") = "API", "API", "{42578249-F595-4C35-9959-F200B7FEAB59}"
EndProject
Project("{FAE04EC0-301F-11D3-BF4B-00C04F79EFBC}") = "Authentication.API", "src\Services\Authentication\Authentication.API\Authentication.API.csproj", "{309D0AB1-075A-4893-9D75-E095B2AD6BB2}"
EndProject
Project("{2150E333-8FDC-42A3-9474-1A3956D46DE8}") = "Application", "Application", "{44F831E3-DF44-48EF-A173-02646A2F4039}"
EndProject
Project("{FAE04EC0-301F-11D3-BF4B-00C04F79EFBC}") = "Authentication.Application", "src\Services\Authentication\Authentication.Application\Authentication.Application.csproj", "{008BC04A-D93B-47CB-8CFF-D6BC600F166C}"
EndProject
Project("{2150E333-8FDC-42A3-9474-1A3956D46DE8}") = "MES", "MES", "{E15C55E8-8059-41C0-B6FC-5490D92CD586}"
EndProject
Project("{2150E333-8FDC-42A3-9474-1A3956D46DE8}") = "API", "API", "{0242F002-A9C5-4855-B415-07F46447305A}"
EndProject
Project("{2150E333-8FDC-42A3-9474-1A3956D46DE8}") = "Application", "Application", "{1F5A1DD8-5477-45D8-BAD9-FCDDF06E4E7B}"
EndProject
Project("{2150E333-8FDC-42A3-9474-1A3956D46DE8}") = "MasterData", "MasterData", "{183E65B5-BCDF-48EF-8CC6-8E2C229CBDB1}"
EndProject
Project("{FAE04EC0-301F-11D3-BF4B-00C04F79EFBC}") = "MES.API", "src\Services\MES\MES.API\MES.API.csproj", "{47FB8BE2-77D6-4DCC-9F82-2C65A2CF8F63}"
EndProject
Project("{FAE04EC0-301F-11D3-BF4B-00C04F79EFBC}") = "MES.Application", "src\Services\MES\MES.Application\MES.Application.csproj", "{22A32FAF-E3F2-4713-97E4-9099061BB182}"
EndProject
Project("{2150E333-8FDC-42A3-9474-1A3956D46DE8}") = "API", "API", "{77679458-F004-4389-A880-C9DBFA1110EE}"
EndProject
Project("{2150E333-8FDC-42A3-9474-1A3956D46DE8}") = "Application", "Application", "{BD5CF131-F325-46F4-9CDD-8F1F2A011EE1}"
EndProject
Project("{FAE04EC0-301F-11D3-BF4B-00C04F79EFBC}") = "MasterData.API", "src\Services\MasterData\MasterData.API\MasterData.API.csproj", "{8376E1AB-33B1-4457-B26E-B482E3D30CDC}"
EndProject
Project("{FAE04EC0-301F-11D3-BF4B-00C04F79EFBC}") = "MasterData.Application", "src\Services\MasterData\MasterData.Application\MasterData.Application.csproj", "{C1EE6DA4-69B7-4531-8830-CE1F92E4A27B}"
EndProject
Global
	GlobalSection(SolutionConfigurationPlatforms) = preSolution
		Debug|Any CPU = Debug|Any CPU
		Release|Any CPU = Release|Any CPU
	EndGlobalSection
	GlobalSection(ProjectConfigurationPlatforms) = postSolution
		{09B1A1D1-3343-43C9-88F8-C05BB5791D78}.Debug|Any CPU.ActiveCfg = Debug|Any CPU
		{09B1A1D1-3343-43C9-88F8-C05BB5791D78}.Debug|Any CPU.Build.0 = Debug|Any CPU
		{09B1A1D1-3343-43C9-88F8-C05BB5791D78}.Release|Any CPU.ActiveCfg = Release|Any CPU
		{09B1A1D1-3343-43C9-88F8-C05BB5791D78}.Release|Any CPU.Build.0 = Release|Any CPU
		{FD4B0720-7576-4925-B39C-EDCA733D1992}.Debug|Any CPU.ActiveCfg = Debug|Any CPU
		{FD4B0720-7576-4925-B39C-EDCA733D1992}.Debug|Any CPU.Build.0 = Debug|Any CPU
		{FD4B0720-7576-4925-B39C-EDCA733D1992}.Release|Any CPU.ActiveCfg = Release|Any CPU
		{FD4B0720-7576-4925-B39C-EDCA733D1992}.Release|Any CPU.Build.0 = Release|Any CPU
		{01B3B7AA-CFCB-456F-9B65-1DD11533B71A}.Debug|Any CPU.ActiveCfg = Debug|Any CPU
		{01B3B7AA-CFCB-456F-9B65-1DD11533B71A}.Debug|Any CPU.Build.0 = Debug|Any CPU
		{01B3B7AA-CFCB-456F-9B65-1DD11533B71A}.Release|Any CPU.ActiveCfg = Release|Any CPU
		{01B3B7AA-CFCB-456F-9B65-1DD11533B71A}.Release|Any CPU.Build.0 = Release|Any CPU
		{1644BA7E-E7E7-4D7F-987A-7D7BC996C6B3}.Debug|Any CPU.ActiveCfg = Debug|Any CPU
		{1644BA7E-E7E7-4D7F-987A-7D7BC996C6B3}.Debug|Any CPU.Build.0 = Debug|Any CPU
		{1644BA7E-E7E7-4D7F-987A-7D7BC996C6B3}.Release|Any CPU.ActiveCfg = Release|Any CPU
		{1644BA7E-E7E7-4D7F-987A-7D7BC996C6B3}.Release|Any CPU.Build.0 = Release|Any CPU
		{5886E7C3-CC30-40B0-8938-31CB4303C178}.Debug|Any CPU.ActiveCfg = Debug|Any CPU
		{5886E7C3-CC30-40B0-8938-31CB4303C178}.Debug|Any CPU.Build.0 = Debug|Any CPU
		{5886E7C3-CC30-40B0-8938-31CB4303C178}.Release|Any CPU.ActiveCfg = Release|Any CPU
		{5886E7C3-CC30-40B0-8938-31CB4303C178}.Release|Any CPU.Build.0 = Release|Any CPU
		{3D139B01-653B-46B3-99D8-A6BFA912E158}.Debug|Any CPU.ActiveCfg = Debug|Any CPU
		{3D139B01-653B-46B3-99D8-A6BFA912E158}.Debug|Any CPU.Build.0 = Debug|Any CPU
		{3D139B01-653B-46B3-99D8-A6BFA912E158}.Release|Any CPU.ActiveCfg = Release|Any CPU
		{3D139B01-653B-46B3-99D8-A6BFA912E158}.Release|Any CPU.Build.0 = Release|Any CPU
		{AB01638E-76BB-4D60-94C3-ECAF646EFABF}.Debug|Any CPU.ActiveCfg = Debug|Any CPU
		{AB01638E-76BB-4D60-94C3-ECAF646EFABF}.Debug|Any CPU.Build.0 = Debug|Any CPU
		{AB01638E-76BB-4D60-94C3-ECAF646EFABF}.Release|Any CPU.ActiveCfg = Release|Any CPU
		{AB01638E-76BB-4D60-94C3-ECAF646EFABF}.Release|Any CPU.Build.0 = Release|Any CPU
		{22F21C92-CD4A-457B-B435-AE9F48256CED}.Debug|Any CPU.ActiveCfg = Debug|Any CPU
		{22F21C92-CD4A-457B-B435-AE9F48256CED}.Debug|Any CPU.Build.0 = Debug|Any CPU
		{22F21C92-CD4A-457B-B435-AE9F48256CED}.Release|Any CPU.ActiveCfg = Release|Any CPU
		{22F21C92-CD4A-457B-B435-AE9F48256CED}.Release|Any CPU.Build.0 = Release|Any CPU
		{53FD205C-D104-4C00-8ACA-B44092CF95AB}.Debug|Any CPU.ActiveCfg = Debug|Any CPU
		{53FD205C-D104-4C00-8ACA-B44092CF95AB}.Debug|Any CPU.Build.0 = Debug|Any CPU
		{53FD205C-D104-4C00-8ACA-B44092CF95AB}.Release|Any CPU.ActiveCfg = Release|Any CPU
		{53FD205C-D104-4C00-8ACA-B44092CF95AB}.Release|Any CPU.Build.0 = Release|Any CPU
		{8A08002B-DD93-484F-B14D-9C8E7104B7DD}.Debug|Any CPU.ActiveCfg = Debug|Any CPU
		{8A08002B-DD93-484F-B14D-9C8E7104B7DD}.Debug|Any CPU.Build.0 = Debug|Any CPU
		{8A08002B-DD93-484F-B14D-9C8E7104B7DD}.Release|Any CPU.ActiveCfg = Release|Any CPU
		{8A08002B-DD93-484F-B14D-9C8E7104B7DD}.Release|Any CPU.Build.0 = Release|Any CPU
		{2A5B3872-DB3D-4415-A9B7-D353BC205064}.Debug|Any CPU.ActiveCfg = Debug|Any CPU
		{2A5B3872-DB3D-4415-A9B7-D353BC205064}.Debug|Any CPU.Build.0 = Debug|Any CPU
		{2A5B3872-DB3D-4415-A9B7-D353BC205064}.Release|Any CPU.ActiveCfg = Release|Any CPU
		{2A5B3872-DB3D-4415-A9B7-D353BC205064}.Release|Any CPU.Build.0 = Release|Any CPU
		{309D0AB1-075A-4893-9D75-E095B2AD6BB2}.Debug|Any CPU.ActiveCfg = Debug|Any CPU
		{309D0AB1-075A-4893-9D75-E095B2AD6BB2}.Debug|Any CPU.Build.0 = Debug|Any CPU
		{309D0AB1-075A-4893-9D75-E095B2AD6BB2}.Release|Any CPU.ActiveCfg = Release|Any CPU
		{309D0AB1-075A-4893-9D75-E095B2AD6BB2}.Release|Any CPU.Build.0 = Release|Any CPU
		{008BC04A-D93B-47CB-8CFF-D6BC600F166C}.Debug|Any CPU.ActiveCfg = Debug|Any CPU
		{008BC04A-D93B-47CB-8CFF-D6BC600F166C}.Debug|Any CPU.Build.0 = Debug|Any CPU
		{008BC04A-D93B-47CB-8CFF-D6BC600F166C}.Release|Any CPU.ActiveCfg = Release|Any CPU
		{008BC04A-D93B-47CB-8CFF-D6BC600F166C}.Release|Any CPU.Build.0 = Release|Any CPU
		{47FB8BE2-77D6-4DCC-9F82-2C65A2CF8F63}.Debug|Any CPU.ActiveCfg = Debug|Any CPU
		{47FB8BE2-77D6-4DCC-9F82-2C65A2CF8F63}.Debug|Any CPU.Build.0 = Debug|Any CPU
		{47FB8BE2-77D6-4DCC-9F82-2C65A2CF8F63}.Release|Any CPU.ActiveCfg = Release|Any CPU
		{47FB8BE2-77D6-4DCC-9F82-2C65A2CF8F63}.Release|Any CPU.Build.0 = Release|Any CPU
		{22A32FAF-E3F2-4713-97E4-9099061BB182}.Debug|Any CPU.ActiveCfg = Debug|Any CPU
		{22A32FAF-E3F2-4713-97E4-9099061BB182}.Debug|Any CPU.Build.0 = Debug|Any CPU
		{22A32FAF-E3F2-4713-97E4-9099061BB182}.Release|Any CPU.ActiveCfg = Release|Any CPU
		{22A32FAF-E3F2-4713-97E4-9099061BB182}.Release|Any CPU.Build.0 = Release|Any CPU
		{8376E1AB-33B1-4457-B26E-B482E3D30CDC}.Debug|Any CPU.ActiveCfg = Debug|Any CPU
		{8376E1AB-33B1-4457-B26E-B482E3D30CDC}.Debug|Any CPU.Build.0 = Debug|Any CPU
		{8376E1AB-33B1-4457-B26E-B482E3D30CDC}.Release|Any CPU.ActiveCfg = Release|Any CPU
		{8376E1AB-33B1-4457-B26E-B482E3D30CDC}.Release|Any CPU.Build.0 = Release|Any CPU
		{C1EE6DA4-69B7-4531-8830-CE1F92E4A27B}.Debug|Any CPU.ActiveCfg = Debug|Any CPU
		{C1EE6DA4-69B7-4531-8830-CE1F92E4A27B}.Debug|Any CPU.Build.0 = Debug|Any CPU
		{C1EE6DA4-69B7-4531-8830-CE1F92E4A27B}.Release|Any CPU.ActiveCfg = Release|Any CPU
		{C1EE6DA4-69B7-4531-8830-CE1F92E4A27B}.Release|Any CPU.Build.0 = Release|Any CPU
	EndGlobalSection
	GlobalSection(SolutionProperties) = preSolution
		HideSolutionNode = FALSE
	EndGlobalSection
	GlobalSection(NestedProjects) = preSolution
		{09B1A1D1-3343-43C9-88F8-C05BB5791D78} = {6E26B9FD-AEF1-4E62-8063-060BFC203A55}
		{FD4B0720-7576-4925-B39C-EDCA733D1992} = {6E26B9FD-AEF1-4E62-8063-060BFC203A55}
		{01B3B7AA-CFCB-456F-9B65-1DD11533B71A} = {6E26B9FD-AEF1-4E62-8063-060BFC203A55}
		{1644BA7E-E7E7-4D7F-987A-7D7BC996C6B3} = {6E26B9FD-AEF1-4E62-8063-060BFC203A55}
		{5886E7C3-CC30-40B0-8938-31CB4303C178} = {6E26B9FD-AEF1-4E62-8063-060BFC203A55}
		{3D139B01-653B-46B3-99D8-A6BFA912E158} = {6E26B9FD-AEF1-4E62-8063-060BFC203A55}
		{AB01638E-76BB-4D60-94C3-ECAF646EFABF} = {6E26B9FD-AEF1-4E62-8063-060BFC203A55}
		{22F21C92-CD4A-457B-B435-AE9F48256CED} = {976AE32A-B3E1-489D-898D-7FA9BAA13135}
		{53FD205C-D104-4C00-8ACA-B44092CF95AB} = {6E26B9FD-AEF1-4E62-8063-060BFC203A55}
		{57C07110-7740-4500-A443-B4775E822F7C} = {98DCFCB1-99FA-46D0-9B51-C22BBEA88CA3}
		{B6018DB4-5C5C-4B8E-B6DF-7FFEB8DAF19F} = {98DCFCB1-99FA-46D0-9B51-C22BBEA88CA3}
		{C50718AF-7343-40C0-9427-CEB7A2BCE8E4} = {98DCFCB1-99FA-46D0-9B51-C22BBEA88CA3}
		{8A08002B-DD93-484F-B14D-9C8E7104B7DD} = {57C07110-7740-4500-A443-B4775E822F7C}
		{2A5B3872-DB3D-4415-A9B7-D353BC205064} = {57C07110-7740-4500-A443-B4775E822F7C}
		{4115EBFB-0D8B-4C32-B658-5C711C5247A1} = {B6018DB4-5C5C-4B8E-B6DF-7FFEB8DAF19F}
		{42578249-F595-4C35-9959-F200B7FEAB59} = {4115EBFB-0D8B-4C32-B658-5C711C5247A1}
		{309D0AB1-075A-4893-9D75-E095B2AD6BB2} = {42578249-F595-4C35-9959-F200B7FEAB59}
		{44F831E3-DF44-48EF-A173-02646A2F4039} = {4115EBFB-0D8B-4C32-B658-5C711C5247A1}
		{008BC04A-D93B-47CB-8CFF-D6BC600F166C} = {44F831E3-DF44-48EF-A173-02646A2F4039}
		{E15C55E8-8059-41C0-B6FC-5490D92CD586} = {B6018DB4-5C5C-4B8E-B6DF-7FFEB8DAF19F}
		{0242F002-A9C5-4855-B415-07F46447305A} = {E15C55E8-8059-41C0-B6FC-5490D92CD586}
		{1F5A1DD8-5477-45D8-BAD9-FCDDF06E4E7B} = {E15C55E8-8059-41C0-B6FC-5490D92CD586}
		{183E65B5-BCDF-48EF-8CC6-8E2C229CBDB1} = {B6018DB4-5C5C-4B8E-B6DF-7FFEB8DAF19F}
		{47FB8BE2-77D6-4DCC-9F82-2C65A2CF8F63} = {0242F002-A9C5-4855-B415-07F46447305A}
		{22A32FAF-E3F2-4713-97E4-9099061BB182} = {1F5A1DD8-5477-45D8-BAD9-FCDDF06E4E7B}
		{77679458-F004-4389-A880-C9DBFA1110EE} = {183E65B5-BCDF-48EF-8CC6-8E2C229CBDB1}
		{BD5CF131-F325-46F4-9CDD-8F1F2A011EE1} = {183E65B5-BCDF-48EF-8CC6-8E2C229CBDB1}
		{8376E1AB-33B1-4457-B26E-B482E3D30CDC} = {77679458-F004-4389-A880-C9DBFA1110EE}
		{C1EE6DA4-69B7-4531-8830-CE1F92E4A27B} = {BD5CF131-F325-46F4-9CDD-8F1F2A011EE1}
	EndGlobalSection
	GlobalSection(ExtensibilityGlobals) = postSolution
		SolutionGuid = {DD436992-6C52-4C3B-8DDA-98E985E5CB15}
	EndGlobalSection
EndGlobal
